// !$*UTF8*$!
{
	archiveVersion = 1;
	classes = {
	};
	objectVersion = 50;
	objects = {

/* Begin PBXBuildFile section */
		A40EE70C260226F3008306C6 /* NetworkReachability.swift in Sources */ = {isa = PBXBuildFile; fileRef = A40EE70B260226F3008306C6 /* NetworkReachability.swift */; };
		A43C76C12605B4DC00DC6501 /* GameConstants.swift in Sources */ = {isa = PBXBuildFile; fileRef = A43C76C02605B4DC00DC6501 /* GameConstants.swift */; };
		A45D274625EA316300FBFABA /* HomeViewController.swift in Sources */ = {isa = PBXBuildFile; fileRef = A45D274525EA316300FBFABA /* HomeViewController.swift */; };
		A45D274B25EA323200FBFABA /* InstructionViewController.swift in Sources */ = {isa = PBXBuildFile; fileRef = A45D274A25EA323200FBFABA /* InstructionViewController.swift */; };
		A49AFF1425E7FF6C00DDD3C6 /* GameDataManager.swift in Sources */ = {isa = PBXBuildFile; fileRef = A49AFF1325E7FF6C00DDD3C6 /* GameDataManager.swift */; };
		A4AA5F4825D2DF4D00EB0219 /* AppDelegate.swift in Sources */ = {isa = PBXBuildFile; fileRef = A4AA5F4725D2DF4D00EB0219 /* AppDelegate.swift */; };
		A4AA5F4A25D2DF4D00EB0219 /* SceneDelegate.swift in Sources */ = {isa = PBXBuildFile; fileRef = A4AA5F4925D2DF4D00EB0219 /* SceneDelegate.swift */; };
		A4AA5F4C25D2DF4D00EB0219 /* ViewController.swift in Sources */ = {isa = PBXBuildFile; fileRef = A4AA5F4B25D2DF4D00EB0219 /* ViewController.swift */; };
		A4AA5F4F25D2DF4D00EB0219 /* Main.storyboard in Resources */ = {isa = PBXBuildFile; fileRef = A4AA5F4D25D2DF4D00EB0219 /* Main.storyboard */; };
		A4AA5F5225D2DF4D00EB0219 /* Sudoku.xcdatamodeld in Sources */ = {isa = PBXBuildFile; fileRef = A4AA5F5025D2DF4D00EB0219 /* Sudoku.xcdatamodeld */; };
		A4AA5F5425D2DF4F00EB0219 /* Assets.xcassets in Resources */ = {isa = PBXBuildFile; fileRef = A4AA5F5325D2DF4F00EB0219 /* Assets.xcassets */; };
		A4AA5F5725D2DF4F00EB0219 /* LaunchScreen.storyboard in Resources */ = {isa = PBXBuildFile; fileRef = A4AA5F5525D2DF4F00EB0219 /* LaunchScreen.storyboard */; };
		A4AA5F8625D2E41600EB0219 /* GamePadCell.swift in Sources */ = {isa = PBXBuildFile; fileRef = A4AA5F8525D2E41600EB0219 /* GamePadCell.swift */; };
		A4AA5F8B25D2E42000EB0219 /* NumPadCell.swift in Sources */ = {isa = PBXBuildFile; fileRef = A4AA5F8A25D2E42000EB0219 /* NumPadCell.swift */; };
		A4ADBE6825FF631000181EF5 /* GameKit.framework in Frameworks */ = {isa = PBXBuildFile; fileRef = A4ADBE6725FF631000181EF5 /* GameKit.framework */; };
		A4CB4F2C2605FD7F00C23D82 /* CloudKit.framework in Frameworks */ = {isa = PBXBuildFile; fileRef = A4CB4F2B2605FD7F00C23D82 /* CloudKit.framework */; };
		E301CCE62D2348410094725D /* GamePadCellModel.swift in Sources */ = {isa = PBXBuildFile; fileRef = E301CCE52D23483C0094725D /* GamePadCellModel.swift */; };
/* End PBXBuildFile section */

/* Begin PBXFileReference section */
		A40EE70B260226F3008306C6 /* NetworkReachability.swift */ = {isa = PBXFileReference; lastKnownFileType = sourcecode.swift; path = NetworkReachability.swift; sourceTree = "<group>"; };
		A43C76C02605B4DC00DC6501 /* GameConstants.swift */ = {isa = PBXFileReference; lastKnownFileType = sourcecode.swift; path = GameConstants.swift; sourceTree = "<group>"; };
		A45D274525EA316300FBFABA /* HomeViewController.swift */ = {isa = PBXFileReference; lastKnownFileType = sourcecode.swift; path = HomeViewController.swift; sourceTree = "<group>"; };
		A45D274A25EA323200FBFABA /* InstructionViewController.swift */ = {isa = PBXFileReference; lastKnownFileType = sourcecode.swift; path = InstructionViewController.swift; sourceTree = "<group>"; };
		A49AFF1325E7FF6C00DDD3C6 /* GameDataManager.swift */ = {isa = PBXFileReference; lastKnownFileType = sourcecode.swift; path = GameDataManager.swift; sourceTree = "<group>"; };
		A4AA5F4425D2DF4D00EB0219 /* Sudoku.app */ = {isa = PBXFileReference; explicitFileType = wrapper.application; includeInIndex = 0; path = Sudoku.app; sourceTree = BUILT_PRODUCTS_DIR; };
		A4AA5F4725D2DF4D00EB0219 /* AppDelegate.swift */ = {isa = PBXFileReference; lastKnownFileType = sourcecode.swift; path = AppDelegate.swift; sourceTree = "<group>"; };
		A4AA5F4925D2DF4D00EB0219 /* SceneDelegate.swift */ = {isa = PBXFileReference; lastKnownFileType = sourcecode.swift; path = SceneDelegate.swift; sourceTree = "<group>"; };
		A4AA5F4B25D2DF4D00EB0219 /* ViewController.swift */ = {isa = PBXFileReference; lastKnownFileType = sourcecode.swift; path = ViewController.swift; sourceTree = "<group>"; };
		A4AA5F4E25D2DF4D00EB0219 /* Base */ = {isa = PBXFileReference; lastKnownFileType = file.storyboard; name = Base; path = Base.lproj/Main.storyboard; sourceTree = "<group>"; };
		A4AA5F5125D2DF4D00EB0219 /* Sudoku.xcdatamodel */ = {isa = PBXFileReference; lastKnownFileType = wrapper.xcdatamodel; path = Sudoku.xcdatamodel; sourceTree = "<group>"; };
		A4AA5F5325D2DF4F00EB0219 /* Assets.xcassets */ = {isa = PBXFileReference; lastKnownFileType = folder.assetcatalog; path = Assets.xcassets; sourceTree = "<group>"; };
		A4AA5F5625D2DF4F00EB0219 /* Base */ = {isa = PBXFileReference; lastKnownFileType = file.storyboard; name = Base; path = Base.lproj/LaunchScreen.storyboard; sourceTree = "<group>"; };
		A4AA5F5825D2DF4F00EB0219 /* Info.plist */ = {isa = PBXFileReference; lastKnownFileType = text.plist.xml; path = Info.plist; sourceTree = "<group>"; };
		A4AA5F8525D2E41600EB0219 /* GamePadCell.swift */ = {isa = PBXFileReference; lastKnownFileType = sourcecode.swift; path = GamePadCell.swift; sourceTree = "<group>"; };
		A4AA5F8A25D2E42000EB0219 /* NumPadCell.swift */ = {isa = PBXFileReference; lastKnownFileType = sourcecode.swift; path = NumPadCell.swift; sourceTree = "<group>"; };
		A4ADBE6725FF631000181EF5 /* GameKit.framework */ = {isa = PBXFileReference; lastKnownFileType = wrapper.framework; name = GameKit.framework; path = System/Library/Frameworks/GameKit.framework; sourceTree = SDKROOT; };
		A4CB4F272605FD7700C23D82 /* Sudoku.entitlements */ = {isa = PBXFileReference; lastKnownFileType = text.plist.entitlements; path = Sudoku.entitlements; sourceTree = "<group>"; };
		A4CB4F2B2605FD7F00C23D82 /* CloudKit.framework */ = {isa = PBXFileReference; lastKnownFileType = wrapper.framework; name = CloudKit.framework; path = System/Library/Frameworks/CloudKit.framework; sourceTree = SDKROOT; };
		E301CCE52D23483C0094725D /* GamePadCellModel.swift */ = {isa = PBXFileReference; lastKnownFileType = sourcecode.swift; path = GamePadCellModel.swift; sourceTree = "<group>"; };
/* End PBXFileReference section */

/* Begin PBXFrameworksBuildPhase section */
		A4AA5F4125D2DF4D00EB0219 /* Frameworks */ = {
			isa = PBXFrameworksBuildPhase;
			buildActionMask = 2147483647;
			files = (
				A4ADBE6825FF631000181EF5 /* GameKit.framework in Frameworks */,
				A4CB4F2C2605FD7F00C23D82 /* CloudKit.framework in Frameworks */,
			);
			runOnlyForDeploymentPostprocessing = 0;
		};
/* End PBXFrameworksBuildPhase section */

/* Begin PBXGroup section */
		A4AA5F3B25D2DF4D00EB0219 = {
			isa = PBXGroup;
			children = (
				A4AA5F4625D2DF4D00EB0219 /* Sudoku */,
				A4AA5F4525D2DF4D00EB0219 /* Products */,
				A4ADBE6625FF631000181EF5 /* Frameworks */,
			);
			sourceTree = "<group>";
		};
		A4AA5F4525D2DF4D00EB0219 /* Products */ = {
			isa = PBXGroup;
			children = (
				A4AA5F4425D2DF4D00EB0219 /* Sudoku.app */,
			);
			name = Products;
			sourceTree = "<group>";
		};
		A4AA5F4625D2DF4D00EB0219 /* Sudoku */ = {
			isa = PBXGroup;
			children = (
				A4CB4F272605FD7700C23D82 /* Sudoku.entitlements */,
				A4AA5F4725D2DF4D00EB0219 /* AppDelegate.swift */,
				A4AA5F4925D2DF4D00EB0219 /* SceneDelegate.swift */,
				A4AA5F8525D2E41600EB0219 /* GamePadCell.swift */,
				A49AFF1325E7FF6C00DDD3C6 /* GameDataManager.swift */,
				E301CCE52D23483C0094725D /* GamePadCellModel.swift */,
				A43C76C02605B4DC00DC6501 /* GameConstants.swift */,
				A4AA5F8A25D2E42000EB0219 /* NumPadCell.swift */,
				A4AA5F4B25D2DF4D00EB0219 /* ViewController.swift */,
				A45D274525EA316300FBFABA /* HomeViewController.swift */,
				A40EE70B260226F3008306C6 /* NetworkReachability.swift */,
				A45D274A25EA323200FBFABA /* InstructionViewController.swift */,
				A4AA5F4D25D2DF4D00EB0219 /* Main.storyboard */,
				A4AA5F5325D2DF4F00EB0219 /* Assets.xcassets */,
				A4AA5F5525D2DF4F00EB0219 /* LaunchScreen.storyboard */,
				A4AA5F5825D2DF4F00EB0219 /* Info.plist */,
				A4AA5F5025D2DF4D00EB0219 /* Sudoku.xcdatamodeld */,
			);
			path = Sudoku;
			sourceTree = "<group>";
		};
		A4ADBE6625FF631000181EF5 /* Frameworks */ = {
			isa = PBXGroup;
			children = (
				A4CB4F2B2605FD7F00C23D82 /* CloudKit.framework */,
				A4ADBE6725FF631000181EF5 /* GameKit.framework */,
			);
			name = Frameworks;
			sourceTree = "<group>";
		};
/* End PBXGroup section */

/* Begin PBXNativeTarget section */
		A4AA5F4325D2DF4D00EB0219 /* Sudoku */ = {
			isa = PBXNativeTarget;
			buildConfigurationList = A4AA5F7125D2DF4F00EB0219 /* Build configuration list for PBXNativeTarget "Sudoku" */;
			buildPhases = (
				A4AA5F4025D2DF4D00EB0219 /* Sources */,
				A4AA5F4125D2DF4D00EB0219 /* Frameworks */,
				A4AA5F4225D2DF4D00EB0219 /* Resources */,
			);
			buildRules = (
			);
			dependencies = (
			);
			name = Sudoku;
			productName = Sudoku;
			productReference = A4AA5F4425D2DF4D00EB0219 /* Sudoku.app */;
			productType = "com.apple.product-type.application";
		};
/* End PBXNativeTarget section */

/* Begin PBXProject section */
		A4AA5F3C25D2DF4D00EB0219 /* Project object */ = {
			isa = PBXProject;
			attributes = {
				LastSwiftUpdateCheck = 1230;
				LastUpgradeCheck = 1230;
				TargetAttributes = {
					A4AA5F4325D2DF4D00EB0219 = {
						CreatedOnToolsVersion = 12.3;
					};
				};
			};
			buildConfigurationList = A4AA5F3F25D2DF4D00EB0219 /* Build configuration list for PBXProject "Sudoku" */;
			compatibilityVersion = "Xcode 9.3";
			developmentRegion = en;
			hasScannedForEncodings = 0;
			knownRegions = (
				en,
				Base,
			);
			mainGroup = A4AA5F3B25D2DF4D00EB0219;
			productRefGroup = A4AA5F4525D2DF4D00EB0219 /* Products */;
			projectDirPath = "";
			projectRoot = "";
			targets = (
				A4AA5F4325D2DF4D00EB0219 /* Sudoku */,
			);
		};
/* End PBXProject section */

/* Begin PBXResourcesBuildPhase section */
		A4AA5F4225D2DF4D00EB0219 /* Resources */ = {
			isa = PBXResourcesBuildPhase;
			buildActionMask = 2147483647;
			files = (
				A4AA5F5725D2DF4F00EB0219 /* LaunchScreen.storyboard in Resources */,
				A4AA5F5425D2DF4F00EB0219 /* Assets.xcassets in Resources */,
				A4AA5F4F25D2DF4D00EB0219 /* Main.storyboard in Resources */,
			);
			runOnlyForDeploymentPostprocessing = 0;
		};
/* End PBXResourcesBuildPhase section */

/* Begin PBXSourcesBuildPhase section */
		A4AA5F4025D2DF4D00EB0219 /* Sources */ = {
			isa = PBXSourcesBuildPhase;
			buildActionMask = 2147483647;
			files = (
				A4AA5F8B25D2E42000EB0219 /* NumPadCell.swift in Sources */,
				A49AFF1425E7FF6C00DDD3C6 /* GameDataManager.swift in Sources */,
				A4AA5F4C25D2DF4D00EB0219 /* ViewController.swift in Sources */,
				A45D274B25EA323200FBFABA /* InstructionViewController.swift in Sources */,
				A45D274625EA316300FBFABA /* HomeViewController.swift in Sources */,
				E301CCE62D2348410094725D /* GamePadCellModel.swift in Sources */,
				A4AA5F4825D2DF4D00EB0219 /* AppDelegate.swift in Sources */,
				A4AA5F5225D2DF4D00EB0219 /* Sudoku.xcdatamodeld in Sources */,
				A43C76C12605B4DC00DC6501 /* GameConstants.swift in Sources */,
				A4AA5F8625D2E41600EB0219 /* GamePadCell.swift in Sources */,
				A4AA5F4A25D2DF4D00EB0219 /* SceneDelegate.swift in Sources */,
				A40EE70C260226F3008306C6 /* NetworkReachability.swift in Sources */,
			);
			runOnlyForDeploymentPostprocessing = 0;
		};
/* End PBXSourcesBuildPhase section */

/* Begin PBXVariantGroup section */
		A4AA5F4D25D2DF4D00EB0219 /* Main.storyboard */ = {
			isa = PBXVariantGroup;
			children = (
				A4AA5F4E25D2DF4D00EB0219 /* Base */,
			);
			name = Main.storyboard;
			sourceTree = "<group>";
		};
		A4AA5F5525D2DF4F00EB0219 /* LaunchScreen.storyboard */ = {
			isa = PBXVariantGroup;
			children = (
				A4AA5F5625D2DF4F00EB0219 /* Base */,
			);
			name = LaunchScreen.storyboard;
			sourceTree = "<group>";
		};
/* End PBXVariantGroup section */

/* Begin XCBuildConfiguration section */
		A4AA5F6F25D2DF4F00EB0219 /* Debug */ = {
			isa = XCBuildConfiguration;
			buildSettings = {
				ALWAYS_SEARCH_USER_PATHS = NO;
				CLANG_ANALYZER_NONNULL = YES;
				CLANG_ANALYZER_NUMBER_OBJECT_CONVERSION = YES_AGGRESSIVE;
				CLANG_CXX_LANGUAGE_STANDARD = "gnu++14";
				CLANG_CXX_LIBRARY = "libc++";
				CLANG_ENABLE_MODULES = YES;
				CLANG_ENABLE_OBJC_ARC = YES;
				CLANG_ENABLE_OBJC_WEAK = YES;
				CLANG_WARN_BLOCK_CAPTURE_AUTORELEASING = YES;
				CLANG_WARN_BOOL_CONVERSION = YES;
				CLANG_WARN_COMMA = YES;
				CLANG_WARN_CONSTANT_CONVERSION = YES;
				CLANG_WARN_DEPRECATED_OBJC_IMPLEMENTATIONS = YES;
				CLANG_WARN_DIRECT_OBJC_ISA_USAGE = YES_ERROR;
				CLANG_WARN_DOCUMENTATION_COMMENTS = YES;
				CLANG_WARN_EMPTY_BODY = YES;
				CLANG_WARN_ENUM_CONVERSION = YES;
				CLANG_WARN_INFINITE_RECURSION = YES;
				CLANG_WARN_INT_CONVERSION = YES;
				CLANG_WARN_NON_LITERAL_NULL_CONVERSION = YES;
				CLANG_WARN_OBJC_IMPLICIT_RETAIN_SELF = YES;
				CLANG_WARN_OBJC_LITERAL_CONVERSION = YES;
				CLANG_WARN_OBJC_ROOT_CLASS = YES_ERROR;
				CLANG_WARN_QUOTED_INCLUDE_IN_FRAMEWORK_HEADER = YES;
				CLANG_WARN_RANGE_LOOP_ANALYSIS = YES;
				CLANG_WARN_STRICT_PROTOTYPES = YES;
				CLANG_WARN_SUSPICIOUS_MOVE = YES;
				CLANG_WARN_UNGUARDED_AVAILABILITY = YES_AGGRESSIVE;
				CLANG_WARN_UNREACHABLE_CODE = YES;
				CLANG_WARN__DUPLICATE_METHOD_MATCH = YES;
				COPY_PHASE_STRIP = NO;
				DEBUG_INFORMATION_FORMAT = dwarf;
				ENABLE_STRICT_OBJC_MSGSEND = YES;
				ENABLE_TESTABILITY = YES;
				GCC_C_LANGUAGE_STANDARD = gnu11;
				GCC_DYNAMIC_NO_PIC = NO;
				GCC_NO_COMMON_BLOCKS = YES;
				GCC_OPTIMIZATION_LEVEL = 0;
				GCC_PREPROCESSOR_DEFINITIONS = (
					"DEBUG=1",
					"$(inherited)",
				);
				GCC_WARN_64_TO_32_BIT_CONVERSION = YES;
				GCC_WARN_ABOUT_RETURN_TYPE = YES_ERROR;
				GCC_WARN_UNDECLARED_SELECTOR = YES;
				GCC_WARN_UNINITIALIZED_AUTOS = YES_AGGRESSIVE;
				GCC_WARN_UNUSED_FUNCTION = YES;
				GCC_WARN_UNUSED_VARIABLE = YES;
				IPHONEOS_DEPLOYMENT_TARGET = 14.3;
				MTL_ENABLE_DEBUG_INFO = INCLUDE_SOURCE;
				MTL_FAST_MATH = YES;
				ONLY_ACTIVE_ARCH = YES;
				SDKROOT = iphoneos;
				SWIFT_ACTIVE_COMPILATION_CONDITIONS = DEBUG;
				SWIFT_OPTIMIZATION_LEVEL = "-Onone";
			};
			name = Debug;
		};
		A4AA5F7025D2DF4F00EB0219 /* Release */ = {
			isa = XCBuildConfiguration;
			buildSettings = {
				ALWAYS_SEARCH_USER_PATHS = NO;
				CLANG_ANALYZER_NONNULL = YES;
				CLANG_ANALYZER_NUMBER_OBJECT_CONVERSION = YES_AGGRESSIVE;
				CLANG_CXX_LANGUAGE_STANDARD = "gnu++14";
				CLANG_CXX_LIBRARY = "libc++";
				CLANG_ENABLE_MODULES = YES;
				CLANG_ENABLE_OBJC_ARC = YES;
				CLANG_ENABLE_OBJC_WEAK = YES;
				CLANG_WARN_BLOCK_CAPTURE_AUTORELEASING = YES;
				CLANG_WARN_BOOL_CONVERSION = YES;
				CLANG_WARN_COMMA = YES;
				CLANG_WARN_CONSTANT_CONVERSION = YES;
				CLANG_WARN_DEPRECATED_OBJC_IMPLEMENTATIONS = YES;
				CLANG_WARN_DIRECT_OBJC_ISA_USAGE = YES_ERROR;
				CLANG_WARN_DOCUMENTATION_COMMENTS = YES;
				CLANG_WARN_EMPTY_BODY = YES;
				CLANG_WARN_ENUM_CONVERSION = YES;
				CLANG_WARN_INFINITE_RECURSION = YES;
				CLANG_WARN_INT_CONVERSION = YES;
				CLANG_WARN_NON_LITERAL_NULL_CONVERSION = YES;
				CLANG_WARN_OBJC_IMPLICIT_RETAIN_SELF = YES;
				CLANG_WARN_OBJC_LITERAL_CONVERSION = YES;
				CLANG_WARN_OBJC_ROOT_CLASS = YES_ERROR;
				CLANG_WARN_QUOTED_INCLUDE_IN_FRAMEWORK_HEADER = YES;
				CLANG_WARN_RANGE_LOOP_ANALYSIS = YES;
				CLANG_WARN_STRICT_PROTOTYPES = YES;
				CLANG_WARN_SUSPICIOUS_MOVE = YES;
				CLANG_WARN_UNGUARDED_AVAILABILITY = YES_AGGRESSIVE;
				CLANG_WARN_UNREACHABLE_CODE = YES;
				CLANG_WARN__DUPLICATE_METHOD_MATCH = YES;
				COPY_PHASE_STRIP = NO;
				DEBUG_INFORMATION_FORMAT = "dwarf-with-dsym";
				ENABLE_NS_ASSERTIONS = NO;
				ENABLE_STRICT_OBJC_MSGSEND = YES;
				GCC_C_LANGUAGE_STANDARD = gnu11;
				GCC_NO_COMMON_BLOCKS = YES;
				GCC_WARN_64_TO_32_BIT_CONVERSION = YES;
				GCC_WARN_ABOUT_RETURN_TYPE = YES_ERROR;
				GCC_WARN_UNDECLARED_SELECTOR = YES;
				GCC_WARN_UNINITIALIZED_AUTOS = YES_AGGRESSIVE;
				GCC_WARN_UNUSED_FUNCTION = YES;
				GCC_WARN_UNUSED_VARIABLE = YES;
				IPHONEOS_DEPLOYMENT_TARGET = 14.3;
				MTL_ENABLE_DEBUG_INFO = NO;
				MTL_FAST_MATH = YES;
				SDKROOT = iphoneos;
				SWIFT_COMPILATION_MODE = wholemodule;
				SWIFT_OPTIMIZATION_LEVEL = "-O";
				VALIDATE_PRODUCT = YES;
			};
			name = Release;
		};
		A4AA5F7225D2DF4F00EB0219 /* Debug */ = {
			isa = XCBuildConfiguration;
			buildSettings = {
				ASSETCATALOG_COMPILER_APPICON_NAME = AppIcon;
				ASSETCATALOG_COMPILER_GLOBAL_ACCENT_COLOR_NAME = AccentColor;
				CODE_SIGN_ENTITLEMENTS = Sudoku/Sudoku.entitlements;
				CODE_SIGN_STYLE = Automatic;
				CURRENT_PROJECT_VERSION = 1;
				DEVELOPMENT_TEAM = 2VBCC3QCHE;
				INFOPLIST_FILE = Sudoku/Info.plist;
				INFOPLIST_KEY_LSApplicationCategoryType = "public.app-category.puzzle-games";
				LD_RUNPATH_SEARCH_PATHS = (
					"$(inherited)",
					"@executable_path/Frameworks",
				);
				MARKETING_VERSION = 2.0;
				PRODUCT_BUNDLE_IDENTIFIER = zhangyifan.Sudoku;
				PRODUCT_NAME = "$(TARGET_NAME)";
				SWIFT_VERSION = 5.0;
				TARGETED_DEVICE_FAMILY = "1,2";
			};
			name = Debug;
		};
		A4AA5F7325D2DF4F00EB0219 /* Release */ = {
			isa = XCBuildConfiguration;
			buildSettings = {
				ASSETCATALOG_COMPILER_APPICON_NAME = AppIcon;
				ASSETCATALOG_COMPILER_GLOBAL_ACCENT_COLOR_NAME = AccentColor;
				CODE_SIGN_ENTITLEMENTS = Sudoku/Sudoku.entitlements;
				CODE_SIGN_STYLE = Automatic;
				CURRENT_PROJECT_VERSION = 1;
				DEVELOPMENT_TEAM = 2VBCC3QCHE;
				INFOPLIST_FILE = Sudoku/Info.plist;
				INFOPLIST_KEY_LSApplicationCategoryType = "public.app-category.puzzle-games";
				LD_RUNPATH_SEARCH_PATHS = (
					"$(inherited)",
					"@executable_path/Frameworks",
				);
				MARKETING_VERSION = 2.0;
				PRODUCT_BUNDLE_IDENTIFIER = zhangyifan.Sudoku;
				PRODUCT_NAME = "$(TARGET_NAME)";
				SWIFT_VERSION = 5.0;
				TARGETED_DEVICE_FAMILY = "1,2";
			};
			name = Release;
		};
/* End XCBuildConfiguration section */

/* Begin XCConfigurationList section */
		A4AA5F3F25D2DF4D00EB0219 /* Build configuration list for PBXProject "Sudoku" */ = {
			isa = XCConfigurationList;
			buildConfigurations = (
				A4AA5F6F25D2DF4F00EB0219 /* Debug */,
				A4AA5F7025D2DF4F00EB0219 /* Release */,
			);
			defaultConfigurationIsVisible = 0;
			defaultConfigurationName = Release;
		};
		A4AA5F7125D2DF4F00EB0219 /* Build configuration list for PBXNativeTarget "Sudoku" */ = {
			isa = XCConfigurationList;
			buildConfigurations = (
				A4AA5F7225D2DF4F00EB0219 /* Debug */,
				A4AA5F7325D2DF4F00EB0219 /* Release */,
			);
			defaultConfigurationIsVisible = 0;
			defaultConfigurationName = Release;
		};
/* End XCConfigurationList section */

/* Begin XCVersionGroup section */
		A4AA5F5025D2DF4D00EB0219 /* Sudoku.xcdatamodeld */ = {
			isa = XCVersionGroup;
			children = (
				A4AA5F5125D2DF4D00EB0219 /* Sudoku.xcdatamodel */,
			);
			currentVersion = A4AA5F5125D2DF4D00EB0219 /* Sudoku.xcdatamodel */;
			path = Sudoku.xcdatamodeld;
			sourceTree = "<group>";
			versionGroupType = wrapper.xcdatamodel;
		};
/* End XCVersionGroup section */
	};
	rootObject = A4AA5F3C25D2DF4D00EB0219 /* Project object */;
}
